Microsoft Visual Studio Solution File, Format Version 12.00
# Visual Studio Version 17
VisualStudioVersion = 17.5.2.0
MinimumVisualStudioVersion = 10.0.40219.1
Project("{FAE04EC0-301F-11D3-BF4B-00C04F79EFBC}") = "invetario_api", "invetario_api.csproj", "{5ACB234D-0B8C-D3D2-8703-86C8A287ABA2}"
EndProject
Global
	GlobalSection(SolutionConfigurationPlatforms) = preSolution
		Debug|Any CPU = Debug|Any CPU
		Release|Any CPU = Release|Any CPU
	EndGlobalSection
	GlobalSection(ProjectConfigurationPlatforms) = postSolution
		{5ACB234D-0B8C-D3D2-8703-86C8A287ABA2}.Debug|Any CPU.ActiveCfg = Debug|Any CPU
		{5ACB234D-0B8C-D3D2-8703-86C8A287ABA2}.Debug|Any CPU.Build.0 = Debug|Any CPU
		{5ACB234D-0B8C-D3D2-8703-86C8A287ABA2}.Release|Any CPU.ActiveCfg = Release|Any CPU
		{5ACB234D-0B8C-D3D2-8703-86C8A287ABA2}.Release|Any CPU.Build.0 = Release|Any CPU
	EndGlobalSection
	GlobalSection(SolutionProperties) = preSolution
		HideSolutionNode = FALSE
	EndGlobalSection
	GlobalSection(ExtensibilityGlobals) = postSolution
		SolutionGuid = {A26961F6-C445-45E9-A719-30A875DA488A}
	EndGlobalSection
EndGlobal
